version = 1
revision = 3
requires-python = ">=3.12"

[[package]]
name = "ternforge-release-contract-consumer"
version = "1.0.3"
source = { editable = "." }
dependencies = [
    { name = "ternforge-release-contract-source" },
]

[package.metadata]
requires-dist = [{ name = "ternforge-release-contract-source", git = "https://github.com/betabitplus-template-lab/sandbox-release-contract-source-20260724-r1.git?tag=v1.1.0" }]

[[package]]
name = "ternforge-release-contract-source"
version = "1.1.0"
source = { git = "https://github.com/betabitplus-template-lab/sandbox-release-contract-source-20260724-r1.git?tag=v1.1.0#a3a5c03340614a590ac933f425c8ede068836f90" }
